
Microsoft Visual Studio Solution File, Format Version 12.00
# Visual Studio Version 17
VisualStudioVersion = 17.5.002.0
MinimumVisualStudioVersion = 10.0.40219.1
Project("{9A19103F-16F7-4668-BE54-9A1E7A4F7556}") = "PULSE.MessengerOld", "PULSE.MessengerOld.csproj", "{5B52CB4A-3CE8-4215-8B0C-BCEDA05D3729}"
EndProject
Global
	GlobalSection(SolutionConfigurationPlatforms) = preSolution
		Debug|Any CPU = Debug|Any CPU
		Release|Any CPU = Release|Any CPU
	EndGlobalSection
	GlobalSection(ProjectConfigurationPlatforms) = postSolution
		{5B52CB4A-3CE8-4215-8B0C-BCEDA05D3729}.Debug|Any CPU.ActiveCfg = Debug|Any CPU
		{5B52CB4A-3CE8-4215-8B0C-BCEDA05D3729}.Debug|Any CPU.Build.0 = Debug|Any CPU
		{5B52CB4A-3CE8-4215-8B0C-BCEDA05D3729}.Release|Any CPU.ActiveCfg = Release|Any CPU
		{5B52CB4A-3CE8-4215-8B0C-BCEDA05D3729}.Release|Any CPU.Build.0 = Release|Any CPU
	EndGlobalSection
	GlobalSection(SolutionProperties) = preSolution
		HideSolutionNode = FALSE
	EndGlobalSection
	GlobalSection(ExtensibilityGlobals) = postSolution
		SolutionGuid = {08B296CA-BAF2-430A-BC97-56FFE69D6B7C}
	EndGlobalSection
EndGlobal
