
Microsoft Visual Studio Solution File, Format Version 12.00
# Visual Studio Version 17
VisualStudioVersion = 17.2.32616.157
MinimumVisualStudioVersion = 10.0.40219.1
Project("{9A19103F-16F7-4668-BE54-9A1E7A4F7556}") = "PULSE", "PULSE.csproj", "{594924A4-2A49-4F1B-8E8F-BD379FF23F3C}"
EndProject
Project("{9A19103F-16F7-4668-BE54-9A1E7A4F7556}") = "PULSE.Services", "..\PULSE.Services\PULSE.Services.csproj", "{210EB87A-163D-49BE-B51E-1343D5F4FC96}"
EndProject
Project("{9A19103F-16F7-4668-BE54-9A1E7A4F7556}") = "PULSE.Model", "..\PULSE.Model\PULSE.Model.csproj", "{75508A2C-D345-42A8-93AF-97EDB24DDC28}"
EndProject
Project("{9A19103F-16F7-4668-BE54-9A1E7A4F7556}") = "PULSE.WinUI", "..\PULSE.WinUI\PULSE.WinUI.csproj", "{EDACCD14-7EC0-4548-A718-B53FFF25A2F8}"
EndProject
Project("{FAE04EC0-301F-11D3-BF4B-00C04F79EFBC}") = "PULSE.Messenger", "..\PULSE.Messenger\PULSE.Messenger.csproj", "{94399D2E-3E59-4EC8-9758-A7431B1D492F}"
EndProject
Global
	GlobalSection(SolutionConfigurationPlatforms) = preSolution
		Debug|Any CPU = Debug|Any CPU
		Release|Any CPU = Release|Any CPU
	EndGlobalSection
	GlobalSection(ProjectConfigurationPlatforms) = postSolution
		{594924A4-2A49-4F1B-8E8F-BD379FF23F3C}.Debug|Any CPU.ActiveCfg = Debug|Any CPU
		{594924A4-2A49-4F1B-8E8F-BD379FF23F3C}.Debug|Any CPU.Build.0 = Debug|Any CPU
		{594924A4-2A49-4F1B-8E8F-BD379FF23F3C}.Release|Any CPU.ActiveCfg = Release|Any CPU
		{594924A4-2A49-4F1B-8E8F-BD379FF23F3C}.Release|Any CPU.Build.0 = Release|Any CPU
		{210EB87A-163D-49BE-B51E-1343D5F4FC96}.Debug|Any CPU.ActiveCfg = Debug|Any CPU
		{210EB87A-163D-49BE-B51E-1343D5F4FC96}.Debug|Any CPU.Build.0 = Debug|Any CPU
		{210EB87A-163D-49BE-B51E-1343D5F4FC96}.Release|Any CPU.ActiveCfg = Release|Any CPU
		{210EB87A-163D-49BE-B51E-1343D5F4FC96}.Release|Any CPU.Build.0 = Release|Any CPU
		{75508A2C-D345-42A8-93AF-97EDB24DDC28}.Debug|Any CPU.ActiveCfg = Debug|Any CPU
		{75508A2C-D345-42A8-93AF-97EDB24DDC28}.Debug|Any CPU.Build.0 = Debug|Any CPU
		{75508A2C-D345-42A8-93AF-97EDB24DDC28}.Release|Any CPU.ActiveCfg = Release|Any CPU
		{75508A2C-D345-42A8-93AF-97EDB24DDC28}.Release|Any CPU.Build.0 = Release|Any CPU
		{EDACCD14-7EC0-4548-A718-B53FFF25A2F8}.Debug|Any CPU.ActiveCfg = Debug|Any CPU
		{EDACCD14-7EC0-4548-A718-B53FFF25A2F8}.Debug|Any CPU.Build.0 = Debug|Any CPU
		{EDACCD14-7EC0-4548-A718-B53FFF25A2F8}.Release|Any CPU.ActiveCfg = Release|Any CPU
		{EDACCD14-7EC0-4548-A718-B53FFF25A2F8}.Release|Any CPU.Build.0 = Release|Any CPU
		{94399D2E-3E59-4EC8-9758-A7431B1D492F}.Debug|Any CPU.ActiveCfg = Debug|Any CPU
		{94399D2E-3E59-4EC8-9758-A7431B1D492F}.Debug|Any CPU.Build.0 = Debug|Any CPU
		{94399D2E-3E59-4EC8-9758-A7431B1D492F}.Release|Any CPU.ActiveCfg = Release|Any CPU
		{94399D2E-3E59-4EC8-9758-A7431B1D492F}.Release|Any CPU.Build.0 = Release|Any CPU
	EndGlobalSection
	GlobalSection(SolutionProperties) = preSolution
		HideSolutionNode = FALSE
	EndGlobalSection
	GlobalSection(ExtensibilityGlobals) = postSolution
		SolutionGuid = {51726006-91B9-4950-8D1B-F9642F1F3FBB}
	EndGlobalSection
EndGlobal
